
Microsoft Visual Studio Solution File, Format Version 12.00
# Visual Studio Version 16
VisualStudioVersion = 16.0.30128.74
MinimumVisualStudioVersion = 10.0.40219.1
Project("{FAE04EC0-301F-11D3-BF4B-00C04F79EFBC}") = "MoreDoWhile", "MoreDoWhile\MoreDoWhile.csproj", "{87147C64-5414-455E-86AD-A0F256BDBC0D}"
EndProject
Global
	GlobalSection(SolutionConfigurationPlatforms) = preSolution
		Debug|Any CPU = Debug|Any CPU
		Release|Any CPU = Release|Any CPU
	EndGlobalSection
	GlobalSection(ProjectConfigurationPlatforms) = postSolution
		{87147C64-5414-455E-86AD-A0F256BDBC0D}.Debug|Any CPU.ActiveCfg = Debug|Any CPU
		{87147C64-5414-455E-86AD-A0F256BDBC0D}.Debug|Any CPU.Build.0 = Debug|Any CPU
		{87147C64-5414-455E-86AD-A0F256BDBC0D}.Release|Any CPU.ActiveCfg = Release|Any CPU
		{87147C64-5414-455E-86AD-A0F256BDBC0D}.Release|Any CPU.Build.0 = Release|Any CPU
	EndGlobalSection
	GlobalSection(SolutionProperties) = preSolution
		HideSolutionNode = FALSE
	EndGlobalSection
	GlobalSection(ExtensibilityGlobals) = postSolution
		SolutionGuid = {E0ACE447-17E7-4431-B4DE-87D47D0E21E3}
	EndGlobalSection
EndGlobal
